
Microsoft Visual Studio Solution File, Format Version 12.00
# Visual Studio Version 16
VisualStudioVersion = 16.0.29411.108
MinimumVisualStudioVersion = 10.0.40219.1
Project("{FAE04EC0-301F-11D3-BF4B-00C04F79EFBC}") = "FakeData.Model", "FakeData.Model\FakeData.Model.csproj", "{B3843875-682C-461D-82EE-B6EE2358C922}"
EndProject
Project("{FAE04EC0-301F-11D3-BF4B-00C04F79EFBC}") = "FakeData.DataAccessLayer", "FakeData.DataAccessLayer\FakeData.DataAccessLayer.csproj", "{328C5F07-524D-4FD4-B02A-95E0E0E3DE2B}"
EndProject
Project("{FAE04EC0-301F-11D3-BF4B-00C04F79EFBC}") = "FakeData.UI", "FakeData.UI\FakeData.UI.csproj", "{0D8E132B-0470-4DEC-A9D2-1B74CFA9DCEF}"
EndProject
Project("{FAE04EC0-301F-11D3-BF4B-00C04F79EFBC}") = "FakeData.GridMvc", "FakeData.GridMvc\FakeData.GridMvc.csproj", "{AD2B06B9-171E-42CD-BC76-A6E78FE86DB3}"
EndProject
Global
	GlobalSection(SolutionConfigurationPlatforms) = preSolution
		Debug|Any CPU = Debug|Any CPU
		Release|Any CPU = Release|Any CPU
	EndGlobalSection
	GlobalSection(ProjectConfigurationPlatforms) = postSolution
		{B3843875-682C-461D-82EE-B6EE2358C922}.Debug|Any CPU.ActiveCfg = Debug|Any CPU
		{B3843875-682C-461D-82EE-B6EE2358C922}.Debug|Any CPU.Build.0 = Debug|Any CPU
		{B3843875-682C-461D-82EE-B6EE2358C922}.Release|Any CPU.ActiveCfg = Release|Any CPU
		{B3843875-682C-461D-82EE-B6EE2358C922}.Release|Any CPU.Build.0 = Release|Any CPU
		{328C5F07-524D-4FD4-B02A-95E0E0E3DE2B}.Debug|Any CPU.ActiveCfg = Debug|Any CPU
		{328C5F07-524D-4FD4-B02A-95E0E0E3DE2B}.Debug|Any CPU.Build.0 = Debug|Any CPU
		{328C5F07-524D-4FD4-B02A-95E0E0E3DE2B}.Release|Any CPU.ActiveCfg = Release|Any CPU
		{328C5F07-524D-4FD4-B02A-95E0E0E3DE2B}.Release|Any CPU.Build.0 = Release|Any CPU
		{0D8E132B-0470-4DEC-A9D2-1B74CFA9DCEF}.Debug|Any CPU.ActiveCfg = Debug|Any CPU
		{0D8E132B-0470-4DEC-A9D2-1B74CFA9DCEF}.Debug|Any CPU.Build.0 = Debug|Any CPU
		{0D8E132B-0470-4DEC-A9D2-1B74CFA9DCEF}.Release|Any CPU.ActiveCfg = Release|Any CPU
		{0D8E132B-0470-4DEC-A9D2-1B74CFA9DCEF}.Release|Any CPU.Build.0 = Release|Any CPU
		{AD2B06B9-171E-42CD-BC76-A6E78FE86DB3}.Debug|Any CPU.ActiveCfg = Debug|Any CPU
		{AD2B06B9-171E-42CD-BC76-A6E78FE86DB3}.Debug|Any CPU.Build.0 = Debug|Any CPU
		{AD2B06B9-171E-42CD-BC76-A6E78FE86DB3}.Release|Any CPU.ActiveCfg = Release|Any CPU
		{AD2B06B9-171E-42CD-BC76-A6E78FE86DB3}.Release|Any CPU.Build.0 = Release|Any CPU
	EndGlobalSection
	GlobalSection(SolutionProperties) = preSolution
		HideSolutionNode = FALSE
	EndGlobalSection
	GlobalSection(ExtensibilityGlobals) = postSolution
		SolutionGuid = {FE4A492F-8F86-41F5-8CAC-C9074CF123FD}
	EndGlobalSection
EndGlobal
